# THIS IS AN AUTOGENERATED FILE. DO NOT EDIT THIS FILE DIRECTLY.
# yarn lockfile v1


"@iiif/presentation-3@1.0.0":
  version "1.0.0"
  resolved "https://registry.yarnpkg.com/@iiif/presentation-3/-/presentation-3-1.0.0.tgz#2ed414354f4dbf2b09cc03a39256e08df0b7c06e"
  integrity sha512-EHiqGTMZx+3EDd6oYRzmJ7c0d9bTJA7NdkOXN0xOQlCbgbBUB2xeBFbacACqW6Rh04+nplv046C392Z+QoUCBg==
  dependencies:
    "@types/geojson" "^7946.0.7"

"@types/geojson@^7946.0.7":
  version "7946.0.8"
  resolved "https://registry.yarnpkg.com/@types/geojson/-/geojson-7946.0.8.tgz#30744afdb385e2945e22f3b033f897f76b1f12ca"
  integrity sha512-1rkryxURpr6aWP7R786/UQOkJ3PcpQiWkAXBmdWc7ryFWqN6a4xfK7BtjXvFBKO9LjQ+MWQSWxYeZX1OApnArA==

tslib@^2.0.0:
  version "2.3.1"
  resolved "https://registry.yarnpkg.com/tslib/-/tslib-2.3.1.tgz#e8a335add5ceae51aa261d32a490158ef042ef01"
  integrity sha512-77EbyPPpMz+FRFRuAFlWMtmgUWGe9UOG2Z25NqCwiIjRhOf5iKGuzSe5P2w1laq+FkRy4p+PCuVkJSGkzTEKVw==
