# THIS IS AN AUTOGENERATED FILE. DO NOT EDIT THIS FILE DIRECTLY.
# yarn lockfile v1


"@iiif/presentation-3@*":
  version "1.0.3"
  resolved "https://registry.yarnpkg.com/@iiif/presentation-3/-/presentation-3-1.0.3.tgz#3c08b740a8c3d3362f159beef4b7f14f3f0a3df7"
  integrity sha512-NpN/U9oEcA8Axt78nSHOubUBGis7yaTWJFz2PiFemwamuGhDT2QPp9Yt0LsR/ZmWxqoZPldlMUH7989CLoirtg==
  dependencies:
    "@types/geojson" "^7946.0.7"

"@types/geojson@^7946.0.7":
  version "7946.0.8"
  resolved "https://registry.yarnpkg.com/@types/geojson/-/geojson-7946.0.8.tgz#30744afdb385e2945e22f3b033f897f76b1f12ca"
  integrity sha512-1rkryxURpr6aWP7R786/UQOkJ3PcpQiWkAXBmdWc7ryFWqN6a4xfK7BtjXvFBKO9LjQ+MWQSWxYeZX1OApnArA==

tslib@^2.0.0:
  version "2.3.1"
  resolved "https://registry.yarnpkg.com/tslib/-/tslib-2.3.1.tgz#e8a335add5ceae51aa261d32a490158ef042ef01"
  integrity sha512-77EbyPPpMz+FRFRuAFlWMtmgUWGe9UOG2Z25NqCwiIjRhOf5iKGuzSe5P2w1laq+FkRy4p+PCuVkJSGkzTEKVw==
